
Microsoft Visual Studio Solution File, Format Version 12.00
# Visual Studio Version 17
VisualStudioVersion = 17.0.31717.71
MinimumVisualStudioVersion = 10.0.40219.1
Project("{9A19103F-16F7-4668-BE54-9A1E7A4F7556}") = "SemVer.NuGet", "SemVer.NuGet\SemVer.NuGet.csproj", "{922A625A-CDEE-45E9-A62D-99716B322ADA}"
EndProject
Project("{2150E333-8FDC-42A3-9474-1A3956D46DE8}") = "Common", "Common", "{A901A6FE-D8BF-4F8B-B979-6933EF38371B}"
	ProjectSection(SolutionItems) = preProject
		.editorconfig = .editorconfig
		Directory.Build.props = Directory.Build.props
	EndProjectSection
EndProject
Project("{FAE04EC0-301F-11D3-BF4B-00C04F79EFBC}") = "SemVer.NuGet.Console", "SemVer.NuGet.Console\SemVer.NuGet.Console.csproj", "{E2F87DE8-4DCB-4D23-9586-1B948093772F}"
EndProject
Global
	GlobalSection(SolutionConfigurationPlatforms) = preSolution
		Debug|Any CPU = Debug|Any CPU
		Release|Any CPU = Release|Any CPU
	EndGlobalSection
	GlobalSection(ProjectConfigurationPlatforms) = postSolution
		{922A625A-CDEE-45E9-A62D-99716B322ADA}.Debug|Any CPU.ActiveCfg = Debug|Any CPU
		{922A625A-CDEE-45E9-A62D-99716B322ADA}.Debug|Any CPU.Build.0 = Debug|Any CPU
		{922A625A-CDEE-45E9-A62D-99716B322ADA}.Release|Any CPU.ActiveCfg = Release|Any CPU
		{922A625A-CDEE-45E9-A62D-99716B322ADA}.Release|Any CPU.Build.0 = Release|Any CPU
		{E2F87DE8-4DCB-4D23-9586-1B948093772F}.Debug|Any CPU.ActiveCfg = Debug|Any CPU
		{E2F87DE8-4DCB-4D23-9586-1B948093772F}.Debug|Any CPU.Build.0 = Debug|Any CPU
		{E2F87DE8-4DCB-4D23-9586-1B948093772F}.Release|Any CPU.ActiveCfg = Release|Any CPU
		{E2F87DE8-4DCB-4D23-9586-1B948093772F}.Release|Any CPU.Build.0 = Release|Any CPU
	EndGlobalSection
	GlobalSection(SolutionProperties) = preSolution
		HideSolutionNode = FALSE
	EndGlobalSection
	GlobalSection(ExtensibilityGlobals) = postSolution
		SolutionGuid = {6DF56458-A223-4842-AAB6-B9ED3D8D0ED4}
	EndGlobalSection
EndGlobal
